PODS:
  - GRDB.swift (5.7.4):
    - GRDB.swift/standard (= 5.7.4)
  - GRDB.swift/standard (5.7.4)

DEPENDENCIES:
  - GRDB.swift

SPEC REPOS:
  trunk:
    - GRDB.swift

SPEC CHECKSUMS:
  GRDB.swift: 2064e726141f130d0b8bd819b29086f2b1157597

PODFILE CHECKSUM: e4598afde172f26f56667e8abaea2c5a07e6799b

COCOAPODS: 1.10.1
