// !$*UTF8*$!
{
	archiveVersion = 1;
	classes = {
	};
	objectVersion = 52;
	objects = {

/* Begin PBXBuildFile section */
		332D563FBF3DA26E7B8E6FD9 /* Pods_EverydayQuran.framework in Frameworks */ = {isa = PBXBuildFile; fileRef = 74CED15AB96FEE57552C89CD /* Pods_EverydayQuran.framework */; };
		9FFE282112D4333EB5287A38 /* Pods_EverydayQuran_EverydayQuranUITests.framework in Frameworks */ = {isa = PBXBuildFile; fileRef = FBCEFF9871AA14688B44F40E /* Pods_EverydayQuran_EverydayQuranUITests.framework */; };
		B44083B526E5178B2CE3D232 /* Pods_EverydayQuranTests.framework in Frameworks */ = {isa = PBXBuildFile; fileRef = 1C45F27476444912BB910A2A /* Pods_EverydayQuranTests.framework */; };
		C7813983263B22A700307E9A /* TajweedHtmlText.swift in Sources */ = {isa = PBXBuildFile; fileRef = C7813982263B22A700307E9A /* TajweedHtmlText.swift */; };
		C7813989263B22C300307E9A /* AttributedText in Frameworks */ = {isa = PBXBuildFile; productRef = C7813988263B22C300307E9A /* AttributedText */; };
		C781398E263B389600307E9A /* SettingsView.swift in Sources */ = {isa = PBXBuildFile; fileRef = C781398D263B389600307E9A /* SettingsView.swift */; };
		C7813993263B40C400307E9A /* HomeModel.swift in Sources */ = {isa = PBXBuildFile; fileRef = C7813992263B40C300307E9A /* HomeModel.swift */; };
		C7813998263B48EE00307E9A /* UIFonts.swift in Sources */ = {isa = PBXBuildFile; fileRef = C7813997263B48EE00307E9A /* UIFonts.swift */; };
		C781399D263B7CA000307E9A /* VersePlayer.swift in Sources */ = {isa = PBXBuildFile; fileRef = C781399C263B7CA000307E9A /* VersePlayer.swift */; };
		C78139A3263B91C400307E9A /* View+LifeCycle.swift in Sources */ = {isa = PBXBuildFile; fileRef = C78139A2263B91C400307E9A /* View+LifeCycle.swift */; };
		C7DA5AD42636E4DF0021EACC /* EverydayQuranApp.swift in Sources */ = {isa = PBXBuildFile; fileRef = C7DA5AD32636E4DF0021EACC /* EverydayQuranApp.swift */; };
		C7DA5AD62636E4DF0021EACC /* ContentView.swift in Sources */ = {isa = PBXBuildFile; fileRef = C7DA5AD52636E4DF0021EACC /* ContentView.swift */; };
		C7DA5AD82636E4E10021EACC /* Assets.xcassets in Resources */ = {isa = PBXBuildFile; fileRef = C7DA5AD72636E4E10021EACC /* Assets.xcassets */; };
		C7DA5ADB2636E4E10021EACC /* Preview Assets.xcassets in Resources */ = {isa = PBXBuildFile; fileRef = C7DA5ADA2636E4E10021EACC /* Preview Assets.xcassets */; };
		C7DA5AE62636E4E30021EACC /* EverydayQuranTests.swift in Sources */ = {isa = PBXBuildFile; fileRef = C7DA5AE52636E4E30021EACC /* EverydayQuranTests.swift */; };
		C7DA5AF12636E4E30021EACC /* EverydayQuranUITests.swift in Sources */ = {isa = PBXBuildFile; fileRef = C7DA5AF02636E4E30021EACC /* EverydayQuranUITests.swift */; };
		C7DA5B032636E88D0021EACC /* SplashScreen.swift in Sources */ = {isa = PBXBuildFile; fileRef = C7DA5B022636E88D0021EACC /* SplashScreen.swift */; };
		C7DA5B0A2636F14C0021EACC /* PoppinsBold.ttf in Resources */ = {isa = PBXBuildFile; fileRef = C7DA5B082636F14C0021EACC /* PoppinsBold.ttf */; };
		C7DA5B0B2636F14C0021EACC /* PoppinsRegular.ttf in Resources */ = {isa = PBXBuildFile; fileRef = C7DA5B092636F14C0021EACC /* PoppinsRegular.ttf */; };
		C7EF89DA2637200C0051CEA4 /* SurahTitleView.swift in Sources */ = {isa = PBXBuildFile; fileRef = C7EF89D92637200C0051CEA4 /* SurahTitleView.swift */; };
		C7EF89DF263722100051CEA4 /* PoppinsSemiBold.ttf in Resources */ = {isa = PBXBuildFile; fileRef = C7EF89DE263722100051CEA4 /* PoppinsSemiBold.ttf */; };
		C7EF89E8263723D50051CEA4 /* Amiri-Regular.ttf in Resources */ = {isa = PBXBuildFile; fileRef = C7EF89E6263723D50051CEA4 /* Amiri-Regular.ttf */; };
		C7EF89E9263723D50051CEA4 /* Amiri-Bold.ttf in Resources */ = {isa = PBXBuildFile; fileRef = C7EF89E7263723D50051CEA4 /* Amiri-Bold.ttf */; };
		C7EF89EE263727100051CEA4 /* HomeViewHeader.swift in Sources */ = {isa = PBXBuildFile; fileRef = C7EF89ED263727100051CEA4 /* HomeViewHeader.swift */; };
		C7EF89F326372B420051CEA4 /* HomeView.swift in Sources */ = {isa = PBXBuildFile; fileRef = C7EF89F226372B420051CEA4 /* HomeView.swift */; };
		C7EF8A072637309D0051CEA4 /* HeaderTab.swift in Sources */ = {isa = PBXBuildFile; fileRef = C7EF8A062637309D0051CEA4 /* HeaderTab.swift */; };
		C7EF8A0C263730A90051CEA4 /* Launch Screen.storyboard in Resources */ = {isa = PBXBuildFile; fileRef = C7EF8A0B263730A90051CEA4 /* Launch Screen.storyboard */; };
		C7EF8A1426374FA20051CEA4 /* SurahDetailViewHeader.swift in Sources */ = {isa = PBXBuildFile; fileRef = C7EF8A1326374FA20051CEA4 /* SurahDetailViewHeader.swift */; };
		C7EF8A192637685E0051CEA4 /* Color+Ex.swift in Sources */ = {isa = PBXBuildFile; fileRef = C7EF8A182637685D0051CEA4 /* Color+Ex.swift */; };
		C7EF8A1E26376A060051CEA4 /* AyahView.swift in Sources */ = {isa = PBXBuildFile; fileRef = C7EF8A1D26376A060051CEA4 /* AyahView.swift */; };
		C7EF8A23263773F60051CEA4 /* SurahDetailView.swift in Sources */ = {isa = PBXBuildFile; fileRef = C7EF8A22263773F60051CEA4 /* SurahDetailView.swift */; };
		C7EF8A292637927C0051CEA4 /* quran.sqlite in Resources */ = {isa = PBXBuildFile; fileRef = C7EF8A282637927C0051CEA4 /* quran.sqlite */; };
		C7EF8A3B263847010051CEA4 /* Quran.swift in Sources */ = {isa = PBXBuildFile; fileRef = C7EF8A3A263847010051CEA4 /* Quran.swift */; };
		C7EF8A4526384CEF0051CEA4 /* AppDatabase.swift in Sources */ = {isa = PBXBuildFile; fileRef = C7EF8A4426384CEF0051CEA4 /* AppDatabase.swift */; };
		C7EF8A4E263860CE0051CEA4 /* Persistance.swift in Sources */ = {isa = PBXBuildFile; fileRef = C7EF8A4D263860CE0051CEA4 /* Persistance.swift */; };
		C7EF8A53263869430051CEA4 /* QuranRequest.swift in Sources */ = {isa = PBXBuildFile; fileRef = C7EF8A52263869430051CEA4 /* QuranRequest.swift */; };
		C7EF8A5826386A6B0051CEA4 /* Query.swift in Sources */ = {isa = PBXBuildFile; fileRef = C7EF8A5726386A6B0051CEA4 /* Query.swift */; };
		C7EF8A6026387E2D0051CEA4 /* Bookmark.swift in Sources */ = {isa = PBXBuildFile; fileRef = C7EF8A5F26387E2D0051CEA4 /* Bookmark.swift */; };
/* End PBXBuildFile section */

/* Begin PBXContainerItemProxy section */
		C7DA5AE22636E4E30021EACC /* PBXContainerItemProxy */ = {
			isa = PBXContainerItemProxy;
			containerPortal = C7DA5AC82636E4DF0021EACC /* Project object */;
			proxyType = 1;
			remoteGlobalIDString = C7DA5ACF2636E4DF0021EACC;
			remoteInfo = EverydayQuran;
		};
		C7DA5AED2636E4E30021EACC /* PBXContainerItemProxy */ = {
			isa = PBXContainerItemProxy;
			containerPortal = C7DA5AC82636E4DF0021EACC /* Project object */;
			proxyType = 1;
			remoteGlobalIDString = C7DA5ACF2636E4DF0021EACC;
			remoteInfo = EverydayQuran;
		};
/* End PBXContainerItemProxy section */

/* Begin PBXFileReference section */
		1C45F27476444912BB910A2A /* Pods_EverydayQuranTests.framework */ = {isa = PBXFileReference; explicitFileType = wrapper.framework; includeInIndex = 0; path = Pods_EverydayQuranTests.framework; sourceTree = BUILT_PRODUCTS_DIR; };
		47D40EECF0B013FE403C0139 /* Pods-EverydayQuran.debug.xcconfig */ = {isa = PBXFileReference; includeInIndex = 1; lastKnownFileType = text.xcconfig; name = "Pods-EverydayQuran.debug.xcconfig"; path = "Target Support Files/Pods-EverydayQuran/Pods-EverydayQuran.debug.xcconfig"; sourceTree = "<group>"; };
		53FF939BA08B420A65F0A2DC /* Pods-EverydayQuranTests.release.xcconfig */ = {isa = PBXFileReference; includeInIndex = 1; lastKnownFileType = text.xcconfig; name = "Pods-EverydayQuranTests.release.xcconfig"; path = "Target Support Files/Pods-EverydayQuranTests/Pods-EverydayQuranTests.release.xcconfig"; sourceTree = "<group>"; };
		709AFDF2309254A1CC21101B /* Pods-EverydayQuran-EverydayQuranUITests.release.xcconfig */ = {isa = PBXFileReference; includeInIndex = 1; lastKnownFileType = text.xcconfig; name = "Pods-EverydayQuran-EverydayQuranUITests.release.xcconfig"; path = "Target Support Files/Pods-EverydayQuran-EverydayQuranUITests/Pods-EverydayQuran-EverydayQuranUITests.release.xcconfig"; sourceTree = "<group>"; };
		74CED15AB96FEE57552C89CD /* Pods_EverydayQuran.framework */ = {isa = PBXFileReference; explicitFileType = wrapper.framework; includeInIndex = 0; path = Pods_EverydayQuran.framework; sourceTree = BUILT_PRODUCTS_DIR; };
		8266A6A88B9ABCF9BAC411C7 /* Pods-EverydayQuranTests.debug.xcconfig */ = {isa = PBXFileReference; includeInIndex = 1; lastKnownFileType = text.xcconfig; name = "Pods-EverydayQuranTests.debug.xcconfig"; path = "Target Support Files/Pods-EverydayQuranTests/Pods-EverydayQuranTests.debug.xcconfig"; sourceTree = "<group>"; };
		BA122C0AD1CFE7908FE8EC67 /* Pods-EverydayQuran.release.xcconfig */ = {isa = PBXFileReference; includeInIndex = 1; lastKnownFileType = text.xcconfig; name = "Pods-EverydayQuran.release.xcconfig"; path = "Target Support Files/Pods-EverydayQuran/Pods-EverydayQuran.release.xcconfig"; sourceTree = "<group>"; };
		C7813982263B22A700307E9A /* TajweedHtmlText.swift */ = {isa = PBXFileReference; lastKnownFileType = sourcecode.swift; path = TajweedHtmlText.swift; sourceTree = "<group>"; };
		C781398D263B389600307E9A /* SettingsView.swift */ = {isa = PBXFileReference; lastKnownFileType = sourcecode.swift; path = SettingsView.swift; sourceTree = "<group>"; };
		C7813992263B40C300307E9A /* HomeModel.swift */ = {isa = PBXFileReference; lastKnownFileType = sourcecode.swift; path = HomeModel.swift; sourceTree = "<group>"; };
		C7813997263B48EE00307E9A /* UIFonts.swift */ = {isa = PBXFileReference; lastKnownFileType = sourcecode.swift; path = UIFonts.swift; sourceTree = "<group>"; };
		C781399C263B7CA000307E9A /* VersePlayer.swift */ = {isa = PBXFileReference; lastKnownFileType = sourcecode.swift; path = VersePlayer.swift; sourceTree = "<group>"; };
		C78139A2263B91C400307E9A /* View+LifeCycle.swift */ = {isa = PBXFileReference; lastKnownFileType = sourcecode.swift; path = "View+LifeCycle.swift"; sourceTree = "<group>"; };
		C7DA5AD02636E4DF0021EACC /* EverydayQuran.app */ = {isa = PBXFileReference; explicitFileType = wrapper.application; includeInIndex = 0; path = EverydayQuran.app; sourceTree = BUILT_PRODUCTS_DIR; };
		C7DA5AD32636E4DF0021EACC /* EverydayQuranApp.swift */ = {isa = PBXFileReference; lastKnownFileType = sourcecode.swift; path = EverydayQuranApp.swift; sourceTree = "<group>"; };
		C7DA5AD52636E4DF0021EACC /* ContentView.swift */ = {isa = PBXFileReference; lastKnownFileType = sourcecode.swift; path = ContentView.swift; sourceTree = "<group>"; };
		C7DA5AD72636E4E10021EACC /* Assets.xcassets */ = {isa = PBXFileReference; lastKnownFileType = folder.assetcatalog; path = Assets.xcassets; sourceTree = "<group>"; };
		C7DA5ADA2636E4E10021EACC /* Preview Assets.xcassets */ = {isa = PBXFileReference; lastKnownFileType = folder.assetcatalog; path = "Preview Assets.xcassets"; sourceTree = "<group>"; };
		C7DA5ADC2636E4E10021EACC /* Info.plist */ = {isa = PBXFileReference; lastKnownFileType = text.plist.xml; path = Info.plist; sourceTree = "<group>"; };
		C7DA5AE12636E4E30021EACC /* EverydayQuranTests.xctest */ = {isa = PBXFileReference; explicitFileType = wrapper.cfbundle; includeInIndex = 0; path = EverydayQuranTests.xctest; sourceTree = BUILT_PRODUCTS_DIR; };
		C7DA5AE52636E4E30021EACC /* EverydayQuranTests.swift */ = {isa = PBXFileReference; lastKnownFileType = sourcecode.swift; path = EverydayQuranTests.swift; sourceTree = "<group>"; };
		C7DA5AE72636E4E30021EACC /* Info.plist */ = {isa = PBXFileReference; lastKnownFileType = text.plist.xml; path = Info.plist; sourceTree = "<group>"; };
		C7DA5AEC2636E4E30021EACC /* EverydayQuranUITests.xctest */ = {isa = PBXFileReference; explicitFileType = wrapper.cfbundle; includeInIndex = 0; path = EverydayQuranUITests.xctest; sourceTree = BUILT_PRODUCTS_DIR; };
		C7DA5AF02636E4E30021EACC /* EverydayQuranUITests.swift */ = {isa = PBXFileReference; lastKnownFileType = sourcecode.swift; path = EverydayQuranUITests.swift; sourceTree = "<group>"; };
		C7DA5AF22636E4E30021EACC /* Info.plist */ = {isa = PBXFileReference; lastKnownFileType = text.plist.xml; path = Info.plist; sourceTree = "<group>"; };
		C7DA5B022636E88D0021EACC /* SplashScreen.swift */ = {isa = PBXFileReference; lastKnownFileType = sourcecode.swift; path = SplashScreen.swift; sourceTree = "<group>"; };
		C7DA5B082636F14C0021EACC /* PoppinsBold.ttf */ = {isa = PBXFileReference; lastKnownFileType = file; path = PoppinsBold.ttf; sourceTree = "<group>"; };
		C7DA5B092636F14C0021EACC /* PoppinsRegular.ttf */ = {isa = PBXFileReference; lastKnownFileType = file; path = PoppinsRegular.ttf; sourceTree = "<group>"; };
		C7EF89D92637200C0051CEA4 /* SurahTitleView.swift */ = {isa = PBXFileReference; lastKnownFileType = sourcecode.swift; path = SurahTitleView.swift; sourceTree = "<group>"; };
		C7EF89DE263722100051CEA4 /* PoppinsSemiBold.ttf */ = {isa = PBXFileReference; lastKnownFileType = file; path = PoppinsSemiBold.ttf; sourceTree = "<group>"; };
		C7EF89E6263723D50051CEA4 /* Amiri-Regular.ttf */ = {isa = PBXFileReference; lastKnownFileType = file; path = "Amiri-Regular.ttf"; sourceTree = "<group>"; };
		C7EF89E7263723D50051CEA4 /* Amiri-Bold.ttf */ = {isa = PBXFileReference; lastKnownFileType = file; path = "Amiri-Bold.ttf"; sourceTree = "<group>"; };
		C7EF89ED263727100051CEA4 /* HomeViewHeader.swift */ = {isa = PBXFileReference; lastKnownFileType = sourcecode.swift; path = HomeViewHeader.swift; sourceTree = "<group>"; };
		C7EF89F226372B420051CEA4 /* HomeView.swift */ = {isa = PBXFileReference; lastKnownFileType = sourcecode.swift; path = HomeView.swift; sourceTree = "<group>"; };
		C7EF8A062637309D0051CEA4 /* HeaderTab.swift */ = {isa = PBXFileReference; lastKnownFileType = sourcecode.swift; path = HeaderTab.swift; sourceTree = "<group>"; };
		C7EF8A0B263730A90051CEA4 /* Launch Screen.storyboard */ = {isa = PBXFileReference; lastKnownFileType = file.storyboard; path = "Launch Screen.storyboard"; sourceTree = "<group>"; };
		C7EF8A1326374FA20051CEA4 /* SurahDetailViewHeader.swift */ = {isa = PBXFileReference; lastKnownFileType = sourcecode.swift; path = SurahDetailViewHeader.swift; sourceTree = "<group>"; };
		C7EF8A182637685D0051CEA4 /* Color+Ex.swift */ = {isa = PBXFileReference; lastKnownFileType = sourcecode.swift; path = "Color+Ex.swift"; sourceTree = "<group>"; };
		C7EF8A1D26376A060051CEA4 /* AyahView.swift */ = {isa = PBXFileReference; lastKnownFileType = sourcecode.swift; path = AyahView.swift; sourceTree = "<group>"; };
		C7EF8A22263773F60051CEA4 /* SurahDetailView.swift */ = {isa = PBXFileReference; lastKnownFileType = sourcecode.swift; path = SurahDetailView.swift; sourceTree = "<group>"; };
		C7EF8A282637927C0051CEA4 /* quran.sqlite */ = {isa = PBXFileReference; lastKnownFileType = file; path = quran.sqlite; sourceTree = "<group>"; };
		C7EF8A3A263847010051CEA4 /* Quran.swift */ = {isa = PBXFileReference; lastKnownFileType = sourcecode.swift; path = Quran.swift; sourceTree = "<group>"; };
		C7EF8A4426384CEF0051CEA4 /* AppDatabase.swift */ = {isa = PBXFileReference; lastKnownFileType = sourcecode.swift; path = AppDatabase.swift; sourceTree = "<group>"; };
		C7EF8A4D263860CE0051CEA4 /* Persistance.swift */ = {isa = PBXFileReference; lastKnownFileType = sourcecode.swift; path = Persistance.swift; sourceTree = "<group>"; };
		C7EF8A52263869430051CEA4 /* QuranRequest.swift */ = {isa = PBXFileReference; lastKnownFileType = sourcecode.swift; path = QuranRequest.swift; sourceTree = "<group>"; };
		C7EF8A5726386A6B0051CEA4 /* Query.swift */ = {isa = PBXFileReference; lastKnownFileType = sourcecode.swift; path = Query.swift; sourceTree = "<group>"; };
		C7EF8A5F26387E2D0051CEA4 /* Bookmark.swift */ = {isa = PBXFileReference; lastKnownFileType = sourcecode.swift; path = Bookmark.swift; sourceTree = "<group>"; };
		C7EF8A6426389A430051CEA4 /* me_quran.ttf */ = {isa = PBXFileReference; lastKnownFileType = file; path = me_quran.ttf; sourceTree = "<group>"; };
		D0977E25ADA2C2D8D65123D1 /* Pods-EverydayQuran-EverydayQuranUITests.debug.xcconfig */ = {isa = PBXFileReference; includeInIndex = 1; lastKnownFileType = text.xcconfig; name = "Pods-EverydayQuran-EverydayQuranUITests.debug.xcconfig"; path = "Target Support Files/Pods-EverydayQuran-EverydayQuranUITests/Pods-EverydayQuran-EverydayQuranUITests.debug.xcconfig"; sourceTree = "<group>"; };
		FBCEFF9871AA14688B44F40E /* Pods_EverydayQuran_EverydayQuranUITests.framework */ = {isa = PBXFileReference; explicitFileType = wrapper.framework; includeInIndex = 0; path = Pods_EverydayQuran_EverydayQuranUITests.framework; sourceTree = BUILT_PRODUCTS_DIR; };
/* End PBXFileReference section */

/* Begin PBXFrameworksBuildPhase section */
		C7DA5ACD2636E4DF0021EACC /* Frameworks */ = {
			isa = PBXFrameworksBuildPhase;
			buildActionMask = 2147483647;
			files = (
				332D563FBF3DA26E7B8E6FD9 /* Pods_EverydayQuran.framework in Frameworks */,
				C7813989263B22C300307E9A /* AttributedText in Frameworks */,
			);
			runOnlyForDeploymentPostprocessing = 0;
		};
		C7DA5ADE2636E4E30021EACC /* Frameworks */ = {
			isa = PBXFrameworksBuildPhase;
			buildActionMask = 2147483647;
			files = (
				B44083B526E5178B2CE3D232 /* Pods_EverydayQuranTests.framework in Frameworks */,
			);
			runOnlyForDeploymentPostprocessing = 0;
		};
		C7DA5AE92636E4E30021EACC /* Frameworks */ = {
			isa = PBXFrameworksBuildPhase;
			buildActionMask = 2147483647;
			files = (
				9FFE282112D4333EB5287A38 /* Pods_EverydayQuran_EverydayQuranUITests.framework in Frameworks */,
			);
			runOnlyForDeploymentPostprocessing = 0;
		};
/* End PBXFrameworksBuildPhase section */

/* Begin PBXGroup section */
		3A376AB5A889EF31FD6BC0FD /* Frameworks */ = {
			isa = PBXGroup;
			children = (
				74CED15AB96FEE57552C89CD /* Pods_EverydayQuran.framework */,
				FBCEFF9871AA14688B44F40E /* Pods_EverydayQuran_EverydayQuranUITests.framework */,
				1C45F27476444912BB910A2A /* Pods_EverydayQuranTests.framework */,
			);
			name = Frameworks;
			sourceTree = "<group>";
		};
		69116FBCE11150B593BC488F /* Pods */ = {
			isa = PBXGroup;
			children = (
				47D40EECF0B013FE403C0139 /* Pods-EverydayQuran.debug.xcconfig */,
				BA122C0AD1CFE7908FE8EC67 /* Pods-EverydayQuran.release.xcconfig */,
				D0977E25ADA2C2D8D65123D1 /* Pods-EverydayQuran-EverydayQuranUITests.debug.xcconfig */,
				709AFDF2309254A1CC21101B /* Pods-EverydayQuran-EverydayQuranUITests.release.xcconfig */,
				8266A6A88B9ABCF9BAC411C7 /* Pods-EverydayQuranTests.debug.xcconfig */,
				53FF939BA08B420A65F0A2DC /* Pods-EverydayQuranTests.release.xcconfig */,
			);
			path = Pods;
			sourceTree = "<group>";
		};
		C7813981263B228900307E9A /* Tajweed */ = {
			isa = PBXGroup;
			children = (
				C7813982263B22A700307E9A /* TajweedHtmlText.swift */,
			);
			path = Tajweed;
			sourceTree = "<group>";
		};
		C78139A1263B91A200307E9A /* Extension */ = {
			isa = PBXGroup;
			children = (
				C7EF8A182637685D0051CEA4 /* Color+Ex.swift */,
				C78139A2263B91C400307E9A /* View+LifeCycle.swift */,
			);
			path = Extension;
			sourceTree = "<group>";
		};
		C7DA5AC72636E4DF0021EACC = {
			isa = PBXGroup;
			children = (
				C7DA5AD22636E4DF0021EACC /* EverydayQuran */,
				C7DA5AE42636E4E30021EACC /* EverydayQuranTests */,
				C7DA5AEF2636E4E30021EACC /* EverydayQuranUITests */,
				C7DA5AD12636E4DF0021EACC /* Products */,
				69116FBCE11150B593BC488F /* Pods */,
				3A376AB5A889EF31FD6BC0FD /* Frameworks */,
			);
			sourceTree = "<group>";
		};
		C7DA5AD12636E4DF0021EACC /* Products */ = {
			isa = PBXGroup;
			children = (
				C7DA5AD02636E4DF0021EACC /* EverydayQuran.app */,
				C7DA5AE12636E4E30021EACC /* EverydayQuranTests.xctest */,
				C7DA5AEC2636E4E30021EACC /* EverydayQuranUITests.xctest */,
			);
			name = Products;
			sourceTree = "<group>";
		};
		C7DA5AD22636E4DF0021EACC /* EverydayQuran */ = {
			isa = PBXGroup;
			children = (
				C78139A1263B91A200307E9A /* Extension */,
				C7813981263B228900307E9A /* Tajweed */,
				C7EF8A4326384CD70051CEA4 /* App */,
				C7EF8A272637926A0051CEA4 /* Database */,
				C7EF89F726372FA70051CEA4 /* Screen */,
				C7DA5B072636F1410021EACC /* Font */,
				C7DA5AD72636E4E10021EACC /* Assets.xcassets */,
				C7DA5ADC2636E4E10021EACC /* Info.plist */,
				C7DA5AD92636E4E10021EACC /* Preview Content */,
				C7EF8A3F263847060051CEA4 /* Model */,
			);
			path = EverydayQuran;
			sourceTree = "<group>";
		};
		C7DA5AD92636E4E10021EACC /* Preview Content */ = {
			isa = PBXGroup;
			children = (
				C7DA5ADA2636E4E10021EACC /* Preview Assets.xcassets */,
			);
			path = "Preview Content";
			sourceTree = "<group>";
		};
		C7DA5AE42636E4E30021EACC /* EverydayQuranTests */ = {
			isa = PBXGroup;
			children = (
				C7DA5AE52636E4E30021EACC /* EverydayQuranTests.swift */,
				C7DA5AE72636E4E30021EACC /* Info.plist */,
			);
			path = EverydayQuranTests;
			sourceTree = "<group>";
		};
		C7DA5AEF2636E4E30021EACC /* EverydayQuranUITests */ = {
			isa = PBXGroup;
			children = (
				C7DA5AF02636E4E30021EACC /* EverydayQuranUITests.swift */,
				C7DA5AF22636E4E30021EACC /* Info.plist */,
			);
			path = EverydayQuranUITests;
			sourceTree = "<group>";
		};
		C7DA5B072636F1410021EACC /* Font */ = {
			isa = PBXGroup;
			children = (
				C7EF8A6426389A430051CEA4 /* me_quran.ttf */,
				C7EF89E7263723D50051CEA4 /* Amiri-Bold.ttf */,
				C7EF89E6263723D50051CEA4 /* Amiri-Regular.ttf */,
				C7EF89DE263722100051CEA4 /* PoppinsSemiBold.ttf */,
				C7DA5B082636F14C0021EACC /* PoppinsBold.ttf */,
				C7DA5B092636F14C0021EACC /* PoppinsRegular.ttf */,
				C7813997263B48EE00307E9A /* UIFonts.swift */,
			);
			path = Font;
			sourceTree = "<group>";
		};
		C7EF89F726372FA70051CEA4 /* Screen */ = {
			isa = PBXGroup;
			children = (
				C7DA5B022636E88D0021EACC /* SplashScreen.swift */,
				C7EF89D92637200C0051CEA4 /* SurahTitleView.swift */,
				C7EF89ED263727100051CEA4 /* HomeViewHeader.swift */,
				C7EF89F226372B420051CEA4 /* HomeView.swift */,
				C7EF8A062637309D0051CEA4 /* HeaderTab.swift */,
				C7EF8A0B263730A90051CEA4 /* Launch Screen.storyboard */,
				C7EF8A1326374FA20051CEA4 /* SurahDetailViewHeader.swift */,
				C7EF8A1D26376A060051CEA4 /* AyahView.swift */,
				C7EF8A22263773F60051CEA4 /* SurahDetailView.swift */,
				C781398D263B389600307E9A /* SettingsView.swift */,
			);
			path = Screen;
			sourceTree = "<group>";
		};
		C7EF8A272637926A0051CEA4 /* Database */ = {
			isa = PBXGroup;
			children = (
				C7EF8A282637927C0051CEA4 /* quran.sqlite */,
			);
			path = Database;
			sourceTree = "<group>";
		};
		C7EF8A3F263847060051CEA4 /* Model */ = {
			isa = PBXGroup;
			children = (
				C7EF8A3A263847010051CEA4 /* Quran.swift */,
				C7EF8A52263869430051CEA4 /* QuranRequest.swift */,
				C7EF8A5726386A6B0051CEA4 /* Query.swift */,
				C7EF8A5F26387E2D0051CEA4 /* Bookmark.swift */,
				C7813992263B40C300307E9A /* HomeModel.swift */,
				C781399C263B7CA000307E9A /* VersePlayer.swift */,
			);
			path = Model;
			sourceTree = "<group>";
		};
		C7EF8A4326384CD70051CEA4 /* App */ = {
			isa = PBXGroup;
			children = (
				C7DA5AD32636E4DF0021EACC /* EverydayQuranApp.swift */,
				C7DA5AD52636E4DF0021EACC /* ContentView.swift */,
				C7EF8A4426384CEF0051CEA4 /* AppDatabase.swift */,
				C7EF8A4D263860CE0051CEA4 /* Persistance.swift */,
			);
			path = App;
			sourceTree = "<group>";
		};
/* End PBXGroup section */

/* Begin PBXNativeTarget section */
		C7DA5ACF2636E4DF0021EACC /* EverydayQuran */ = {
			isa = PBXNativeTarget;
			buildConfigurationList = C7DA5AF52636E4E30021EACC /* Build configuration list for PBXNativeTarget "EverydayQuran" */;
			buildPhases = (
				DE22A83A695FB8D917418CCF /* [CP] Check Pods Manifest.lock */,
				C7DA5ACC2636E4DF0021EACC /* Sources */,
				C7DA5ACD2636E4DF0021EACC /* Frameworks */,
				C7DA5ACE2636E4DF0021EACC /* Resources */,
				455FFFC9892D1032BEB00E44 /* [CP] Embed Pods Frameworks */,
			);
			buildRules = (
			);
			dependencies = (
			);
			name = EverydayQuran;
			packageProductDependencies = (
				C7813988263B22C300307E9A /* AttributedText */,
			);
			productName = EverydayQuran;
			productReference = C7DA5AD02636E4DF0021EACC /* EverydayQuran.app */;
			productType = "com.apple.product-type.application";
		};
		C7DA5AE02636E4E30021EACC /* EverydayQuranTests */ = {
			isa = PBXNativeTarget;
			buildConfigurationList = C7DA5AF82636E4E30021EACC /* Build configuration list for PBXNativeTarget "EverydayQuranTests" */;
			buildPhases = (
				5E27E93AC1705EDB26D5A9C7 /* [CP] Check Pods Manifest.lock */,
				C7DA5ADD2636E4E30021EACC /* Sources */,
				C7DA5ADE2636E4E30021EACC /* Frameworks */,
				C7DA5ADF2636E4E30021EACC /* Resources */,
			);
			buildRules = (
			);
			dependencies = (
				C7DA5AE32636E4E30021EACC /* PBXTargetDependency */,
			);
			name = EverydayQuranTests;
			productName = EverydayQuranTests;
			productReference = C7DA5AE12636E4E30021EACC /* EverydayQuranTests.xctest */;
			productType = "com.apple.product-type.bundle.unit-test";
		};
		C7DA5AEB2636E4E30021EACC /* EverydayQuranUITests */ = {
			isa = PBXNativeTarget;
			buildConfigurationList = C7DA5AFB2636E4E30021EACC /* Build configuration list for PBXNativeTarget "EverydayQuranUITests" */;
			buildPhases = (
				82402CC84CF9757240092B85 /* [CP] Check Pods Manifest.lock */,
				C7DA5AE82636E4E30021EACC /* Sources */,
				C7DA5AE92636E4E30021EACC /* Frameworks */,
				C7DA5AEA2636E4E30021EACC /* Resources */,
				6CECE70C7330575ED9333C14 /* [CP] Embed Pods Frameworks */,
			);
			buildRules = (
			);
			dependencies = (
				C7DA5AEE2636E4E30021EACC /* PBXTargetDependency */,
			);
			name = EverydayQuranUITests;
			productName = EverydayQuranUITests;
			productReference = C7DA5AEC2636E4E30021EACC /* EverydayQuranUITests.xctest */;
			productType = "com.apple.product-type.bundle.ui-testing";
		};
/* End PBXNativeTarget section */

/* Begin PBXProject section */
		C7DA5AC82636E4DF0021EACC /* Project object */ = {
			isa = PBXProject;
			attributes = {
				LastSwiftUpdateCheck = 1240;
				LastUpgradeCheck = 1240;
				TargetAttributes = {
					C7DA5ACF2636E4DF0021EACC = {
						CreatedOnToolsVersion = 12.4;
					};
					C7DA5AE02636E4E30021EACC = {
						CreatedOnToolsVersion = 12.4;
						TestTargetID = C7DA5ACF2636E4DF0021EACC;
					};
					C7DA5AEB2636E4E30021EACC = {
						CreatedOnToolsVersion = 12.4;
						TestTargetID = C7DA5ACF2636E4DF0021EACC;
					};
				};
			};
			buildConfigurationList = C7DA5ACB2636E4DF0021EACC /* Build configuration list for PBXProject "EverydayQuran" */;
			compatibilityVersion = "Xcode 9.3";
			developmentRegion = en;
			hasScannedForEncodings = 0;
			knownRegions = (
				en,
				Base,
			);
			mainGroup = C7DA5AC72636E4DF0021EACC;
			packageReferences = (
				C7813987263B22C300307E9A /* XCRemoteSwiftPackageReference "AttributedText" */,
			);
			productRefGroup = C7DA5AD12636E4DF0021EACC /* Products */;
			projectDirPath = "";
			projectRoot = "";
			targets = (
				C7DA5ACF2636E4DF0021EACC /* EverydayQuran */,
				C7DA5AE02636E4E30021EACC /* EverydayQuranTests */,
				C7DA5AEB2636E4E30021EACC /* EverydayQuranUITests */,
			);
		};
/* End PBXProject section */

/* Begin PBXResourcesBuildPhase section */
		C7DA5ACE2636E4DF0021EACC /* Resources */ = {
			isa = PBXResourcesBuildPhase;
			buildActionMask = 2147483647;
			files = (
				C7EF89DF263722100051CEA4 /* PoppinsSemiBold.ttf in Resources */,
				C7DA5ADB2636E4E10021EACC /* Preview Assets.xcassets in Resources */,
				C7EF8A0C263730A90051CEA4 /* Launch Screen.storyboard in Resources */,
				C7EF89E8263723D50051CEA4 /* Amiri-Regular.ttf in Resources */,
				C7DA5B0A2636F14C0021EACC /* PoppinsBold.ttf in Resources */,
				C7EF8A292637927C0051CEA4 /* quran.sqlite in Resources */,
				C7DA5AD82636E4E10021EACC /* Assets.xcassets in Resources */,
				C7EF89E9263723D50051CEA4 /* Amiri-Bold.ttf in Resources */,
				C7DA5B0B2636F14C0021EACC /* PoppinsRegular.ttf in Resources */,
			);
			runOnlyForDeploymentPostprocessing = 0;
		};
		C7DA5ADF2636E4E30021EACC /* Resources */ = {
			isa = PBXResourcesBuildPhase;
			buildActionMask = 2147483647;
			files = (
			);
			runOnlyForDeploymentPostprocessing = 0;
		};
		C7DA5AEA2636E4E30021EACC /* Resources */ = {
			isa = PBXResourcesBuildPhase;
			buildActionMask = 2147483647;
			files = (
			);
			runOnlyForDeploymentPostprocessing = 0;
		};
/* End PBXResourcesBuildPhase section */

/* Begin PBXShellScriptBuildPhase section */
		455FFFC9892D1032BEB00E44 /* [CP] Embed Pods Frameworks */ = {
			isa = PBXShellScriptBuildPhase;
			buildActionMask = 2147483647;
			files = (
			);
			inputFileListPaths = (
				"${PODS_ROOT}/Target Support Files/Pods-EverydayQuran/Pods-EverydayQuran-frameworks-${CONFIGURATION}-input-files.xcfilelist",
			);
			name = "[CP] Embed Pods Frameworks";
			outputFileListPaths = (
				"${PODS_ROOT}/Target Support Files/Pods-EverydayQuran/Pods-EverydayQuran-frameworks-${CONFIGURATION}-output-files.xcfilelist",
			);
			runOnlyForDeploymentPostprocessing = 0;
			shellPath = /bin/sh;
			shellScript = "\"${PODS_ROOT}/Target Support Files/Pods-EverydayQuran/Pods-EverydayQuran-frameworks.sh\"\n";
			showEnvVarsInLog = 0;
		};
		5E27E93AC1705EDB26D5A9C7 /* [CP] Check Pods Manifest.lock */ = {
			isa = PBXShellScriptBuildPhase;
			buildActionMask = 2147483647;
			files = (
			);
			inputFileListPaths = (
			);
			inputPaths = (
				"${PODS_PODFILE_DIR_PATH}/Podfile.lock",
				"${PODS_ROOT}/Manifest.lock",
			);
			name = "[CP] Check Pods Manifest.lock";
			outputFileListPaths = (
			);
			outputPaths = (
				"$(DERIVED_FILE_DIR)/Pods-EverydayQuranTests-checkManifestLockResult.txt",
			);
			runOnlyForDeploymentPostprocessing = 0;
			shellPath = /bin/sh;
			shellScript = "diff \"${PODS_PODFILE_DIR_PATH}/Podfile.lock\" \"${PODS_ROOT}/Manifest.lock\" > /dev/null\nif [ $? != 0 ] ; then\n    # print error to STDERR\n    echo \"error: The sandbox is not in sync with the Podfile.lock. Run 'pod install' or update your CocoaPods installation.\" >&2\n    exit 1\nfi\n# This output is used by Xcode 'outputs' to avoid re-running this script phase.\necho \"SUCCESS\" > \"${SCRIPT_OUTPUT_FILE_0}\"\n";
			showEnvVarsInLog = 0;
		};
		6CECE70C7330575ED9333C14 /* [CP] Embed Pods Frameworks */ = {
			isa = PBXShellScriptBuildPhase;
			buildActionMask = 2147483647;
			files = (
			);
			inputFileListPaths = (
				"${PODS_ROOT}/Target Support Files/Pods-EverydayQuran-EverydayQuranUITests/Pods-EverydayQuran-EverydayQuranUITests-frameworks-${CONFIGURATION}-input-files.xcfilelist",
			);
			name = "[CP] Embed Pods Frameworks";
			outputFileListPaths = (
				"${PODS_ROOT}/Target Support Files/Pods-EverydayQuran-EverydayQuranUITests/Pods-EverydayQuran-EverydayQuranUITests-frameworks-${CONFIGURATION}-output-files.xcfilelist",
			);
			runOnlyForDeploymentPostprocessing = 0;
			shellPath = /bin/sh;
			shellScript = "\"${PODS_ROOT}/Target Support Files/Pods-EverydayQuran-EverydayQuranUITests/Pods-EverydayQuran-EverydayQuranUITests-frameworks.sh\"\n";
			showEnvVarsInLog = 0;
		};
		82402CC84CF9757240092B85 /* [CP] Check Pods Manifest.lock */ = {
			isa = PBXShellScriptBuildPhase;
			buildActionMask = 2147483647;
			files = (
			);
			inputFileListPaths = (
			);
			inputPaths = (
				"${PODS_PODFILE_DIR_PATH}/Podfile.lock",
				"${PODS_ROOT}/Manifest.lock",
			);
			name = "[CP] Check Pods Manifest.lock";
			outputFileListPaths = (
			);
			outputPaths = (
				"$(DERIVED_FILE_DIR)/Pods-EverydayQuran-EverydayQuranUITests-checkManifestLockResult.txt",
			);
			runOnlyForDeploymentPostprocessing = 0;
			shellPath = /bin/sh;
			shellScript = "diff \"${PODS_PODFILE_DIR_PATH}/Podfile.lock\" \"${PODS_ROOT}/Manifest.lock\" > /dev/null\nif [ $? != 0 ] ; then\n    # print error to STDERR\n    echo \"error: The sandbox is not in sync with the Podfile.lock. Run 'pod install' or update your CocoaPods installation.\" >&2\n    exit 1\nfi\n# This output is used by Xcode 'outputs' to avoid re-running this script phase.\necho \"SUCCESS\" > \"${SCRIPT_OUTPUT_FILE_0}\"\n";
			showEnvVarsInLog = 0;
		};
		DE22A83A695FB8D917418CCF /* [CP] Check Pods Manifest.lock */ = {
			isa = PBXShellScriptBuildPhase;
			buildActionMask = 2147483647;
			files = (
			);
			inputFileListPaths = (
			);
			inputPaths = (
				"${PODS_PODFILE_DIR_PATH}/Podfile.lock",
				"${PODS_ROOT}/Manifest.lock",
			);
			name = "[CP] Check Pods Manifest.lock";
			outputFileListPaths = (
			);
			outputPaths = (
				"$(DERIVED_FILE_DIR)/Pods-EverydayQuran-checkManifestLockResult.txt",
			);
			runOnlyForDeploymentPostprocessing = 0;
			shellPath = /bin/sh;
			shellScript = "diff \"${PODS_PODFILE_DIR_PATH}/Podfile.lock\" \"${PODS_ROOT}/Manifest.lock\" > /dev/null\nif [ $? != 0 ] ; then\n    # print error to STDERR\n    echo \"error: The sandbox is not in sync with the Podfile.lock. Run 'pod install' or update your CocoaPods installation.\" >&2\n    exit 1\nfi\n# This output is used by Xcode 'outputs' to avoid re-running this script phase.\necho \"SUCCESS\" > \"${SCRIPT_OUTPUT_FILE_0}\"\n";
			showEnvVarsInLog = 0;
		};
/* End PBXShellScriptBuildPhase section */

/* Begin PBXSourcesBuildPhase section */
		C7DA5ACC2636E4DF0021EACC /* Sources */ = {
			isa = PBXSourcesBuildPhase;
			buildActionMask = 2147483647;
			files = (
				C7EF8A1426374FA20051CEA4 /* SurahDetailViewHeader.swift in Sources */,
				C7EF8A3B263847010051CEA4 /* Quran.swift in Sources */,
				C7DA5B032636E88D0021EACC /* SplashScreen.swift in Sources */,
				C7EF8A23263773F60051CEA4 /* SurahDetailView.swift in Sources */,
				C781399D263B7CA000307E9A /* VersePlayer.swift in Sources */,
				C7813998263B48EE00307E9A /* UIFonts.swift in Sources */,
				C7EF8A5826386A6B0051CEA4 /* Query.swift in Sources */,
				C7EF8A6026387E2D0051CEA4 /* Bookmark.swift in Sources */,
				C7813983263B22A700307E9A /* TajweedHtmlText.swift in Sources */,
				C7EF8A192637685E0051CEA4 /* Color+Ex.swift in Sources */,
				C7813993263B40C400307E9A /* HomeModel.swift in Sources */,
				C7EF89EE263727100051CEA4 /* HomeViewHeader.swift in Sources */,
				C7EF8A4526384CEF0051CEA4 /* AppDatabase.swift in Sources */,
				C7EF8A4E263860CE0051CEA4 /* Persistance.swift in Sources */,
				C7DA5AD62636E4DF0021EACC /* ContentView.swift in Sources */,
				C78139A3263B91C400307E9A /* View+LifeCycle.swift in Sources */,
				C7EF8A53263869430051CEA4 /* QuranRequest.swift in Sources */,
				C7EF89F326372B420051CEA4 /* HomeView.swift in Sources */,
				C7EF8A072637309D0051CEA4 /* HeaderTab.swift in Sources */,
				C7EF8A1E26376A060051CEA4 /* AyahView.swift in Sources */,
				C7DA5AD42636E4DF0021EACC /* EverydayQuranApp.swift in Sources */,
				C7EF89DA2637200C0051CEA4 /* SurahTitleView.swift in Sources */,
				C781398E263B389600307E9A /* SettingsView.swift in Sources */,
			);
			runOnlyForDeploymentPostprocessing = 0;
		};
		C7DA5ADD2636E4E30021EACC /* Sources */ = {
			isa = PBXSourcesBuildPhase;
			buildActionMask = 2147483647;
			files = (
				C7DA5AE62636E4E30021EACC /* EverydayQuranTests.swift in Sources */,
			);
			runOnlyForDeploymentPostprocessing = 0;
		};
		C7DA5AE82636E4E30021EACC /* Sources */ = {
			isa = PBXSourcesBuildPhase;
			buildActionMask = 2147483647;
			files = (
				C7DA5AF12636E4E30021EACC /* EverydayQuranUITests.swift in Sources */,
			);
			runOnlyForDeploymentPostprocessing = 0;
		};
/* End PBXSourcesBuildPhase section */

/* Begin PBXTargetDependency section */
		C7DA5AE32636E4E30021EACC /* PBXTargetDependency */ = {
			isa = PBXTargetDependency;
			target = C7DA5ACF2636E4DF0021EACC /* EverydayQuran */;
			targetProxy = C7DA5AE22636E4E30021EACC /* PBXContainerItemProxy */;
		};
		C7DA5AEE2636E4E30021EACC /* PBXTargetDependency */ = {
			isa = PBXTargetDependency;
			target = C7DA5ACF2636E4DF0021EACC /* EverydayQuran */;
			targetProxy = C7DA5AED2636E4E30021EACC /* PBXContainerItemProxy */;
		};
/* End PBXTargetDependency section */

/* Begin XCBuildConfiguration section */
		C7DA5AF32636E4E30021EACC /* Debug */ = {
			isa = XCBuildConfiguration;
			buildSettings = {
				ALWAYS_SEARCH_USER_PATHS = NO;
				CLANG_ANALYZER_NONNULL = YES;
				CLANG_ANALYZER_NUMBER_OBJECT_CONVERSION = YES_AGGRESSIVE;
				CLANG_CXX_LANGUAGE_STANDARD = "gnu++14";
				CLANG_CXX_LIBRARY = "libc++";
				CLANG_ENABLE_MODULES = YES;
				CLANG_ENABLE_OBJC_ARC = YES;
				CLANG_ENABLE_OBJC_WEAK = YES;
				CLANG_WARN_BLOCK_CAPTURE_AUTORELEASING = YES;
				CLANG_WARN_BOOL_CONVERSION = YES;
				CLANG_WARN_COMMA = YES;
				CLANG_WARN_CONSTANT_CONVERSION = YES;
				CLANG_WARN_DEPRECATED_OBJC_IMPLEMENTATIONS = YES;
				CLANG_WARN_DIRECT_OBJC_ISA_USAGE = YES_ERROR;
				CLANG_WARN_DOCUMENTATION_COMMENTS = YES;
				CLANG_WARN_EMPTY_BODY = YES;
				CLANG_WARN_ENUM_CONVERSION = YES;
				CLANG_WARN_INFINITE_RECURSION = YES;
				CLANG_WARN_INT_CONVERSION = YES;
				CLANG_WARN_NON_LITERAL_NULL_CONVERSION = YES;
				CLANG_WARN_OBJC_IMPLICIT_RETAIN_SELF = YES;
				CLANG_WARN_OBJC_LITERAL_CONVERSION = YES;
				CLANG_WARN_OBJC_ROOT_CLASS = YES_ERROR;
				CLANG_WARN_QUOTED_INCLUDE_IN_FRAMEWORK_HEADER = YES;
				CLANG_WARN_RANGE_LOOP_ANALYSIS = YES;
				CLANG_WARN_STRICT_PROTOTYPES = YES;
				CLANG_WARN_SUSPICIOUS_MOVE = YES;
				CLANG_WARN_UNGUARDED_AVAILABILITY = YES_AGGRESSIVE;
				CLANG_WARN_UNREACHABLE_CODE = YES;
				CLANG_WARN__DUPLICATE_METHOD_MATCH = YES;
				COPY_PHASE_STRIP = NO;
				DEBUG_INFORMATION_FORMAT = dwarf;
				ENABLE_STRICT_OBJC_MSGSEND = YES;
				ENABLE_TESTABILITY = YES;
				GCC_C_LANGUAGE_STANDARD = gnu11;
				GCC_DYNAMIC_NO_PIC = NO;
				GCC_NO_COMMON_BLOCKS = YES;
				GCC_OPTIMIZATION_LEVEL = 0;
				GCC_PREPROCESSOR_DEFINITIONS = (
					"DEBUG=1",
					"$(inherited)",
				);
				GCC_WARN_64_TO_32_BIT_CONVERSION = YES;
				GCC_WARN_ABOUT_RETURN_TYPE = YES_ERROR;
				GCC_WARN_UNDECLARED_SELECTOR = YES;
				GCC_WARN_UNINITIALIZED_AUTOS = YES_AGGRESSIVE;
				GCC_WARN_UNUSED_FUNCTION = YES;
				GCC_WARN_UNUSED_VARIABLE = YES;
				IPHONEOS_DEPLOYMENT_TARGET = 14.4;
				MTL_ENABLE_DEBUG_INFO = INCLUDE_SOURCE;
				MTL_FAST_MATH = YES;
				ONLY_ACTIVE_ARCH = YES;
				SDKROOT = iphoneos;
				SWIFT_ACTIVE_COMPILATION_CONDITIONS = DEBUG;
				SWIFT_OPTIMIZATION_LEVEL = "-Onone";
			};
			name = Debug;
		};
		C7DA5AF42636E4E30021EACC /* Release */ = {
			isa = XCBuildConfiguration;
			buildSettings = {
				ALWAYS_SEARCH_USER_PATHS = NO;
				CLANG_ANALYZER_NONNULL = YES;
				CLANG_ANALYZER_NUMBER_OBJECT_CONVERSION = YES_AGGRESSIVE;
				CLANG_CXX_LANGUAGE_STANDARD = "gnu++14";
				CLANG_CXX_LIBRARY = "libc++";
				CLANG_ENABLE_MODULES = YES;
				CLANG_ENABLE_OBJC_ARC = YES;
				CLANG_ENABLE_OBJC_WEAK = YES;
				CLANG_WARN_BLOCK_CAPTURE_AUTORELEASING = YES;
				CLANG_WARN_BOOL_CONVERSION = YES;
				CLANG_WARN_COMMA = YES;
				CLANG_WARN_CONSTANT_CONVERSION = YES;
				CLANG_WARN_DEPRECATED_OBJC_IMPLEMENTATIONS = YES;
				CLANG_WARN_DIRECT_OBJC_ISA_USAGE = YES_ERROR;
				CLANG_WARN_DOCUMENTATION_COMMENTS = YES;
				CLANG_WARN_EMPTY_BODY = YES;
				CLANG_WARN_ENUM_CONVERSION = YES;
				CLANG_WARN_INFINITE_RECURSION = YES;
				CLANG_WARN_INT_CONVERSION = YES;
				CLANG_WARN_NON_LITERAL_NULL_CONVERSION = YES;
				CLANG_WARN_OBJC_IMPLICIT_RETAIN_SELF = YES;
				CLANG_WARN_OBJC_LITERAL_CONVERSION = YES;
				CLANG_WARN_OBJC_ROOT_CLASS = YES_ERROR;
				CLANG_WARN_QUOTED_INCLUDE_IN_FRAMEWORK_HEADER = YES;
				CLANG_WARN_RANGE_LOOP_ANALYSIS = YES;
				CLANG_WARN_STRICT_PROTOTYPES = YES;
				CLANG_WARN_SUSPICIOUS_MOVE = YES;
				CLANG_WARN_UNGUARDED_AVAILABILITY = YES_AGGRESSIVE;
				CLANG_WARN_UNREACHABLE_CODE = YES;
				CLANG_WARN__DUPLICATE_METHOD_MATCH = YES;
				COPY_PHASE_STRIP = NO;
				DEBUG_INFORMATION_FORMAT = "dwarf-with-dsym";
				ENABLE_NS_ASSERTIONS = NO;
				ENABLE_STRICT_OBJC_MSGSEND = YES;
				GCC_C_LANGUAGE_STANDARD = gnu11;
				GCC_NO_COMMON_BLOCKS = YES;
				GCC_WARN_64_TO_32_BIT_CONVERSION = YES;
				GCC_WARN_ABOUT_RETURN_TYPE = YES_ERROR;
				GCC_WARN_UNDECLARED_SELECTOR = YES;
				GCC_WARN_UNINITIALIZED_AUTOS = YES_AGGRESSIVE;
				GCC_WARN_UNUSED_FUNCTION = YES;
				GCC_WARN_UNUSED_VARIABLE = YES;
				IPHONEOS_DEPLOYMENT_TARGET = 14.4;
				MTL_ENABLE_DEBUG_INFO = NO;
				MTL_FAST_MATH = YES;
				SDKROOT = iphoneos;
				SWIFT_COMPILATION_MODE = wholemodule;
				SWIFT_OPTIMIZATION_LEVEL = "-O";
				VALIDATE_PRODUCT = YES;
			};
			name = Release;
		};
		C7DA5AF62636E4E30021EACC /* Debug */ = {
			isa = XCBuildConfiguration;
			baseConfigurationReference = 47D40EECF0B013FE403C0139 /* Pods-EverydayQuran.debug.xcconfig */;
			buildSettings = {
				ASSETCATALOG_COMPILER_APPICON_NAME = AppIcon;
				ASSETCATALOG_COMPILER_GLOBAL_ACCENT_COLOR_NAME = AccentColor;
				CODE_SIGN_STYLE = Automatic;
				DEVELOPMENT_ASSET_PATHS = "\"EverydayQuran/Preview Content\"";
				DEVELOPMENT_TEAM = LZD5N478Y9;
				ENABLE_PREVIEWS = YES;
				INFOPLIST_FILE = EverydayQuran/Info.plist;
				IPHONEOS_DEPLOYMENT_TARGET = 14.0;
				LD_RUNPATH_SEARCH_PATHS = (
					"$(inherited)",
					"@executable_path/Frameworks",
				);
				PRODUCT_BUNDLE_IDENTIFIER = "SNN-Systems.EverydayQuran";
				PRODUCT_NAME = "$(TARGET_NAME)";
				SWIFT_VERSION = 5.0;
				TARGETED_DEVICE_FAMILY = "1,2";
			};
			name = Debug;
		};
		C7DA5AF72636E4E30021EACC /* Release */ = {
			isa = XCBuildConfiguration;
			baseConfigurationReference = BA122C0AD1CFE7908FE8EC67 /* Pods-EverydayQuran.release.xcconfig */;
			buildSettings = {
				ASSETCATALOG_COMPILER_APPICON_NAME = AppIcon;
				ASSETCATALOG_COMPILER_GLOBAL_ACCENT_COLOR_NAME = AccentColor;
				CODE_SIGN_STYLE = Automatic;
				DEVELOPMENT_ASSET_PATHS = "\"EverydayQuran/Preview Content\"";
				DEVELOPMENT_TEAM = LZD5N478Y9;
				ENABLE_PREVIEWS = YES;
				INFOPLIST_FILE = EverydayQuran/Info.plist;
				IPHONEOS_DEPLOYMENT_TARGET = 14.0;
				LD_RUNPATH_SEARCH_PATHS = (
					"$(inherited)",
					"@executable_path/Frameworks",
				);
				PRODUCT_BUNDLE_IDENTIFIER = "SNN-Systems.EverydayQuran";
				PRODUCT_NAME = "$(TARGET_NAME)";
				SWIFT_VERSION = 5.0;
				TARGETED_DEVICE_FAMILY = "1,2";
			};
			name = Release;
		};
		C7DA5AF92636E4E30021EACC /* Debug */ = {
			isa = XCBuildConfiguration;
			baseConfigurationReference = 8266A6A88B9ABCF9BAC411C7 /* Pods-EverydayQuranTests.debug.xcconfig */;
			buildSettings = {
				ALWAYS_EMBED_SWIFT_STANDARD_LIBRARIES = YES;
				BUNDLE_LOADER = "$(TEST_HOST)";
				CODE_SIGN_STYLE = Automatic;
				DEVELOPMENT_TEAM = LZD5N478Y9;
				INFOPLIST_FILE = EverydayQuranTests/Info.plist;
				IPHONEOS_DEPLOYMENT_TARGET = 14.0;
				LD_RUNPATH_SEARCH_PATHS = (
					"$(inherited)",
					"@executable_path/Frameworks",
					"@loader_path/Frameworks",
				);
				PRODUCT_BUNDLE_IDENTIFIER = "SNN-Systems.EverydayQuranTests";
				PRODUCT_NAME = "$(TARGET_NAME)";
				SWIFT_VERSION = 5.0;
				TARGETED_DEVICE_FAMILY = "1,2";
				TEST_HOST = "$(BUILT_PRODUCTS_DIR)/EverydayQuran.app/EverydayQuran";
			};
			name = Debug;
		};
		C7DA5AFA2636E4E30021EACC /* Release */ = {
			isa = XCBuildConfiguration;
			baseConfigurationReference = 53FF939BA08B420A65F0A2DC /* Pods-EverydayQuranTests.release.xcconfig */;
			buildSettings = {
				ALWAYS_EMBED_SWIFT_STANDARD_LIBRARIES = YES;
				BUNDLE_LOADER = "$(TEST_HOST)";
				CODE_SIGN_STYLE = Automatic;
				DEVELOPMENT_TEAM = LZD5N478Y9;
				INFOPLIST_FILE = EverydayQuranTests/Info.plist;
				IPHONEOS_DEPLOYMENT_TARGET = 14.0;
				LD_RUNPATH_SEARCH_PATHS = (
					"$(inherited)",
					"@executable_path/Frameworks",
					"@loader_path/Frameworks",
				);
				PRODUCT_BUNDLE_IDENTIFIER = "SNN-Systems.EverydayQuranTests";
				PRODUCT_NAME = "$(TARGET_NAME)";
				SWIFT_VERSION = 5.0;
				TARGETED_DEVICE_FAMILY = "1,2";
				TEST_HOST = "$(BUILT_PRODUCTS_DIR)/EverydayQuran.app/EverydayQuran";
			};
			name = Release;
		};
		C7DA5AFC2636E4E30021EACC /* Debug */ = {
			isa = XCBuildConfiguration;
			baseConfigurationReference = D0977E25ADA2C2D8D65123D1 /* Pods-EverydayQuran-EverydayQuranUITests.debug.xcconfig */;
			buildSettings = {
				ALWAYS_EMBED_SWIFT_STANDARD_LIBRARIES = YES;
				CODE_SIGN_STYLE = Automatic;
				DEVELOPMENT_TEAM = LZD5N478Y9;
				INFOPLIST_FILE = EverydayQuranUITests/Info.plist;
				LD_RUNPATH_SEARCH_PATHS = (
					"$(inherited)",
					"@executable_path/Frameworks",
					"@loader_path/Frameworks",
				);
				PRODUCT_BUNDLE_IDENTIFIER = "SNN-Systems.EverydayQuranUITests";
				PRODUCT_NAME = "$(TARGET_NAME)";
				SWIFT_VERSION = 5.0;
				TARGETED_DEVICE_FAMILY = "1,2";
				TEST_TARGET_NAME = EverydayQuran;
			};
			name = Debug;
		};
		C7DA5AFD2636E4E30021EACC /* Release */ = {
			isa = XCBuildConfiguration;
			baseConfigurationReference = 709AFDF2309254A1CC21101B /* Pods-EverydayQuran-EverydayQuranUITests.release.xcconfig */;
			buildSettings = {
				ALWAYS_EMBED_SWIFT_STANDARD_LIBRARIES = YES;
				CODE_SIGN_STYLE = Automatic;
				DEVELOPMENT_TEAM = LZD5N478Y9;
				INFOPLIST_FILE = EverydayQuranUITests/Info.plist;
				LD_RUNPATH_SEARCH_PATHS = (
					"$(inherited)",
					"@executable_path/Frameworks",
					"@loader_path/Frameworks",
				);
				PRODUCT_BUNDLE_IDENTIFIER = "SNN-Systems.EverydayQuranUITests";
				PRODUCT_NAME = "$(TARGET_NAME)";
				SWIFT_VERSION = 5.0;
				TARGETED_DEVICE_FAMILY = "1,2";
				TEST_TARGET_NAME = EverydayQuran;
			};
			name = Release;
		};
/* End XCBuildConfiguration section */

/* Begin XCConfigurationList section */
		C7DA5ACB2636E4DF0021EACC /* Build configuration list for PBXProject "EverydayQuran" */ = {
			isa = XCConfigurationList;
			buildConfigurations = (
				C7DA5AF32636E4E30021EACC /* Debug */,
				C7DA5AF42636E4E30021EACC /* Release */,
			);
			defaultConfigurationIsVisible = 0;
			defaultConfigurationName = Release;
		};
		C7DA5AF52636E4E30021EACC /* Build configuration list for PBXNativeTarget "EverydayQuran" */ = {
			isa = XCConfigurationList;
			buildConfigurations = (
				C7DA5AF62636E4E30021EACC /* Debug */,
				C7DA5AF72636E4E30021EACC /* Release */,
			);
			defaultConfigurationIsVisible = 0;
			defaultConfigurationName = Release;
		};
		C7DA5AF82636E4E30021EACC /* Build configuration list for PBXNativeTarget "EverydayQuranTests" */ = {
			isa = XCConfigurationList;
			buildConfigurations = (
				C7DA5AF92636E4E30021EACC /* Debug */,
				C7DA5AFA2636E4E30021EACC /* Release */,
			);
			defaultConfigurationIsVisible = 0;
			defaultConfigurationName = Release;
		};
		C7DA5AFB2636E4E30021EACC /* Build configuration list for PBXNativeTarget "EverydayQuranUITests" */ = {
			isa = XCConfigurationList;
			buildConfigurations = (
				C7DA5AFC2636E4E30021EACC /* Debug */,
				C7DA5AFD2636E4E30021EACC /* Release */,
			);
			defaultConfigurationIsVisible = 0;
			defaultConfigurationName = Release;
		};
/* End XCConfigurationList section */

/* Begin XCRemoteSwiftPackageReference section */
		C7813987263B22C300307E9A /* XCRemoteSwiftPackageReference "AttributedText" */ = {
			isa = XCRemoteSwiftPackageReference;
			repositoryURL = "https://github.com/gonzalezreal/AttributedText";
			requirement = {
				kind = upToNextMajorVersion;
				minimumVersion = 0.3.0;
			};
		};
/* End XCRemoteSwiftPackageReference section */

/* Begin XCSwiftPackageProductDependency section */
		C7813988263B22C300307E9A /* AttributedText */ = {
			isa = XCSwiftPackageProductDependency;
			package = C7813987263B22C300307E9A /* XCRemoteSwiftPackageReference "AttributedText" */;
			productName = AttributedText;
		};
/* End XCSwiftPackageProductDependency section */
	};
	rootObject = C7DA5AC82636E4DF0021EACC /* Project object */;
}
